# This file is autogenerated, do not edit; changes may be undone by the next 'dep ensure'.


[[projects]]
  branch = "master"
  name = "github.com/hashicorp/errwrap"
  packages = ["."]
  revision = "7554cd9344cec97297fa6649b055a8c98c2a1e55"

[[projects]]
  branch = "master"
  name = "github.com/hashicorp/go-checkpoint"
  packages = ["."]
  revision = "1545e56e46dec3bba264e41fde2c1e2aa65b5dd4"

[[projects]]
  branch = "master"
  name = "github.com/hashicorp/go-cleanhttp"
  packages = ["."]
  revision = "d5fe4b57a186c716b0e00b8c301cbd9b4182694d"

[[projects]]
  name = "github.com/hashicorp/go-multierror"
  packages = ["."]
  revision = "d30f09973e19c1dfcd120b2d9c4f168e68d6b5d5"

[[projects]]
  branch = "master"
  name = "github.com/hashicorp/go-uuid"
  packages = ["."]
  revision = "27454136f0364f2d44b1276c552d69105cf8c498"

[[projects]]
  name = "github.com/hashicorp/go-version"
  packages = ["."]
  revision = "7e3c02b30806fa5779d3bdfc152ce4c6f40e7b38"

[[projects]]
  name = "github.com/hashicorp/packer"
  packages = [
    "common",
    "common/uuid",
    "helper/config",
    "helper/multistep",
    "packer",
    "packer/plugin",
    "packer/rpc",
    "template",
    "template/interpolate",
    "version"
  ]
  revision = "0b740f508f4f9b63442879a8c8f7a197b9a83dc1"
  version = "v1.2.1"

[[projects]]
  name = "github.com/hashicorp/yamux"
  packages = ["."]
  revision = "df949784da9ed028ee76df44652e42d37a09d7e4"

[[projects]]
  branch = "master"
  name = "github.com/mitchellh/go-fs"
  packages = [
    ".",
    "fat"
  ]
  revision = "7bae45d9a684750e82b97ff320c82556614e621b"

[[projects]]
  branch = "master"
  name = "github.com/mitchellh/iochan"
  packages = ["."]
  revision = "87b45ffd0e9581375c491fef3d32130bb15c5bd7"

[[projects]]
  name = "github.com/mitchellh/mapstructure"
  packages = ["."]
  revision = "b4575eea38cca1123ec2dc90c26529b5c5acfcff"

[[projects]]
  name = "github.com/mitchellh/reflectwalk"
  packages = ["."]
  revision = "eecf4c70c626c7cfbb95c90195bc34d386c74ac6"

[[projects]]
  branch = "master"
  name = "github.com/rekby/mbr"
  packages = ["."]
  revision = "8c28b6465703c4dde586a09aeca764485f76b511"

[[projects]]
  name = "github.com/ugorji/go"
  packages = ["codec"]
  revision = "646ae4a518c1c3be0739df898118d9bccf993858"

[[projects]]
  name = "github.com/ulikunitz/xz"
  packages = [
    ".",
    "internal/hash",
    "internal/xlog",
    "lzma"
  ]
  revision = "0c6b41e72360850ca4f98dc341fd999726ea007f"
  version = "v0.5.4"

[[projects]]
  name = "gopkg.in/h2non/filetype.v1"
  packages = [
    ".",
    "matchers",
    "types"
  ]
  revision = "cc14fdc9ca0e4c2bafad7458f6ff79fd3947cfbb"
  version = "v1.0.5"

[solve-meta]
  analyzer-name = "dep"
  analyzer-version = 1
  inputs-digest = "1a29ff21e076e68768ab69a1bcb47258deec86d19551c5c00c8b4a04fef90adb"
  solver-name = "gps-cdcl"
  solver-version = 1
